
Microsoft Visual Studio Solution File, Format Version 12.00
# Visual Studio 14
VisualStudioVersion = 14.0.25420.1
MinimumVisualStudioVersion = 10.0.40219.1
Project("{FAE04EC0-301F-11D3-BF4B-00C04F79EFBC}") = "Bank", "Bank\Bank.csproj", "{3F0679B2-106F-4FCF-BF5F-A963C6BAA046}"
EndProject
Project("{FAE04EC0-301F-11D3-BF4B-00C04F79EFBC}") = "BankTest", "BankTest\BankTest.csproj", "{4F9440AC-50B5-4F23-86BE-79E3BAC2F118}"
EndProject
Global
	GlobalSection(SolutionConfigurationPlatforms) = preSolution
		Debug|Any CPU = Debug|Any CPU
		Release|Any CPU = Release|Any CPU
	EndGlobalSection
	GlobalSection(ProjectConfigurationPlatforms) = postSolution
		{3F0679B2-106F-4FCF-BF5F-A963C6BAA046}.Debug|Any CPU.ActiveCfg = Debug|Any CPU
		{3F0679B2-106F-4FCF-BF5F-A963C6BAA046}.Debug|Any CPU.Build.0 = Debug|Any CPU
		{3F0679B2-106F-4FCF-BF5F-A963C6BAA046}.Release|Any CPU.ActiveCfg = Release|Any CPU
		{3F0679B2-106F-4FCF-BF5F-A963C6BAA046}.Release|Any CPU.Build.0 = Release|Any CPU
		{4F9440AC-50B5-4F23-86BE-79E3BAC2F118}.Debug|Any CPU.ActiveCfg = Debug|Any CPU
		{4F9440AC-50B5-4F23-86BE-79E3BAC2F118}.Debug|Any CPU.Build.0 = Debug|Any CPU
		{4F9440AC-50B5-4F23-86BE-79E3BAC2F118}.Release|Any CPU.ActiveCfg = Release|Any CPU
		{4F9440AC-50B5-4F23-86BE-79E3BAC2F118}.Release|Any CPU.Build.0 = Release|Any CPU
	EndGlobalSection
	GlobalSection(SolutionProperties) = preSolution
		HideSolutionNode = FALSE
	EndGlobalSection
EndGlobal
